
Microsoft Visual Studio Solution File, Format Version 12.00
# Visual Studio 15
VisualStudioVersion = 15.0.27703.2026
MinimumVisualStudioVersion = 10.0.40219.1
Project("{FAE04EC0-301F-11D3-BF4B-00C04F79EFBC}") = "ObjectCopyHelper", "ObjectCopyHelper\ObjectCopyHelper.csproj", "{3651FE46-672B-4359-8785-0F6F9D9F16CA}"
EndProject
Global
	GlobalSection(SolutionConfigurationPlatforms) = preSolution
		Debug|Any CPU = Debug|Any CPU
		Release|Any CPU = Release|Any CPU
	EndGlobalSection
	GlobalSection(ProjectConfigurationPlatforms) = postSolution
		{3651FE46-672B-4359-8785-0F6F9D9F16CA}.Debug|Any CPU.ActiveCfg = Debug|Any CPU
		{3651FE46-672B-4359-8785-0F6F9D9F16CA}.Debug|Any CPU.Build.0 = Debug|Any CPU
		{3651FE46-672B-4359-8785-0F6F9D9F16CA}.Release|Any CPU.ActiveCfg = Release|Any CPU
		{3651FE46-672B-4359-8785-0F6F9D9F16CA}.Release|Any CPU.Build.0 = Release|Any CPU
	EndGlobalSection
	GlobalSection(SolutionProperties) = preSolution
		HideSolutionNode = FALSE
	EndGlobalSection
	GlobalSection(ExtensibilityGlobals) = postSolution
		SolutionGuid = {B533DA25-A5B6-4CE5-8A25-1248AF5022D1}
	EndGlobalSection
EndGlobal
